<?xml version="1.0" encoding="utf-8"?>
<Project ToolsVersion="4.0" xmlns="http://schemas.microsoft.com/developer/msbuild/2003">
  <ItemGroup>
    <Filter Include="Header Files">
      <UniqueIdentifier>{93995380-89BD-4b04-88EB-625FBE52EBFB}</UniqueIdentifier>
      <Extensions>h;hpp;hxx;hm;inl;inc;xsd</Extensions>
    </Filter>
    <Filter Include="Header Files">
      <UniqueIdentifier>{93995380-89BD-4b04-88EB-625FBE52EBFB}</UniqueIdentifier>
      <Extensions>h;hpp;hxx;hm;inl;inc;xsd</Extensions>
    </Filter>
    <Filter Include="Source Files">
      <UniqueIdentifier>{4FC737F1-C7A5-4376-A066-2A32D752A2FF}</UniqueIdentifier>
      <Extensions>cpp;c;cxx;def;odl;idl;hpj;bat;asm;asmx</Extensions>
    </Filter>
    <Filter Include="Source Files">
      <UniqueIdentifier>{4FC737F1-C7A5-4376-A066-2A32D752A2FF}</UniqueIdentifier>
      <Extensions>cpp;c;cxx;def;odl;idl;hpj;bat;asm;asmx</Extensions>
    </Filter>
  </ItemGroup>
  <ItemGroup>
    <ClCompile Include="CPRRealTimeUpdateInterface.cpp">
      <Filter>Source Files</Filter>
    </ClCompile>
    <ClCompile Include="CPRShowInterfacesAggregate.cpp">
      <Filter>Source Files</Filter>
    </ClCompile>
    <ClCompile Include="CPRStatIrp.cpp">
      <Filter>Source Files</Filter>
    </ClCompile>
    <ClCompile Include="EventIrp_ClockTime.cpp">
      <Filter>Source Files</Filter>
    </ClCompile>
    <ClCompile Include="EventIrp_SimulateTrigger.cpp">
      <Filter>Source Files</Filter>
    </ClCompile>
    <ClCompile Include="FrameFlowIrp.cpp">
      <Filter>Source Files</Filter>
    </ClCompile>
    <ClCompile Include="ICO2SimulateSign.cpp">
      <Filter>Source Files</Filter>
    </ClCompile>
    <ClCompile Include="ICardiogramLeads.cpp">
      <Filter>Source Files</Filter>
    </ClCompile>
    <ClCompile Include="IDistributeSimulateData.cpp">
      <Filter>Source Files</Filter>
    </ClCompile>
    <ClCompile Include="IGetPhysioloySimulateData.cpp">
      <Filter>Source Files</Filter>
    </ClCompile>
    <ClCompile Include="IHeartStartSign.cpp">
      <Filter>Source Files</Filter>
    </ClCompile>
    <ClCompile Include="IPaneMoveControlInterface.cpp">
      <Filter>Source Files</Filter>
    </ClCompile>
    <ClCompile Include="IPhysiologyStartSign.cpp">
      <Filter>Source Files</Filter>
    </ClCompile>
    <ClCompile Include="IPnPFacility.cpp">
      <Filter>Source Files</Filter>
    </ClCompile>
    <ClCompile Include="ITransportOrderIrpToSimulator.cpp">
      <Filter>Source Files</Filter>
    </ClCompile>
    <ClCompile Include="ITypePhysiologyDefaultRange.cpp">
      <Filter>Source Files</Filter>
    </ClCompile>
    <ClCompile Include="IUpdateLogDataInterface.cpp">
      <Filter>Source Files</Filter>
    </ClCompile>
    <ClCompile Include="OpABPBuildInterface.cpp">
      <Filter>Source Files</Filter>
    </ClCompile>
    <ClCompile Include="OpECGBuildInterface.cpp">
      <Filter>Source Files</Filter>
    </ClCompile>
    <ClCompile Include="OpEtCO2BuildInterface.cpp">
      <Filter>Source Files</Filter>
    </ClCompile>
    <ClCompile Include="OpLogInterface.cpp">
      <Filter>Source Files</Filter>
    </ClCompile>
    <ClCompile Include="OpPhysBuildInterfacesAggregate.cpp">
      <Filter>Source Files</Filter>
    </ClCompile>
    <ClCompile Include="OpRespBuildInterface.cpp">
      <Filter>Source Files</Filter>
    </ClCompile>
    <ClCompile Include="OpSpO2BuildInterface.cpp">
      <Filter>Source Files</Filter>
    </ClCompile>
    <ClCompile Include="ShowABPUpdateInterface.cpp">
      <Filter>Source Files</Filter>
    </ClCompile>
    <ClCompile Include="ShowCPRActUpdateInterface.cpp">
      <Filter>Source Files</Filter>
    </ClCompile>
    <ClCompile Include="ShowCPRStatisticUpdateInterface.cpp">
      <Filter>Source Files</Filter>
    </ClCompile>
    <ClCompile Include="ShowECGUpdateInterface.cpp">
      <Filter>Source Files</Filter>
    </ClCompile>
    <ClCompile Include="ShowEtCO2UpdateInterface.cpp">
      <Filter>Source Files</Filter>
    </ClCompile>
    <ClCompile Include="ShowEventSignUpdateInterface.cpp">
      <Filter>Source Files</Filter>
    </ClCompile>
    <ClCompile Include="ShowFrameNameUpdateInterface.cpp">
      <Filter>Source Files</Filter>
    </ClCompile>
    <ClCompile Include="ShowFrameTimeUpdateInterface.cpp">
      <Filter>Source Files</Filter>
    </ClCompile>
    <ClCompile Include="ShowGeneralNoRangeUpdateInterface.cpp">
      <Filter>Source Files</Filter>
    </ClCompile>
    <ClCompile Include="ShowGeneralUpdateInterface.cpp">
      <Filter>Source Files</Filter>
    </ClCompile>
    <ClCompile Include="ShowNIBPUpdateInterface.cpp">
      <Filter>Source Files</Filter>
    </ClCompile>
    <ClCompile Include="ShowPaceUpdateInterface.cpp">
      <Filter>Source Files</Filter>
    </ClCompile>
    <ClCompile Include="ShowPatientTimeUpdateInterface.cpp">
      <Filter>Source Files</Filter>
    </ClCompile>
    <ClCompile Include="ShowRespRateUpdateInterface.cpp">
      <Filter>Source Files</Filter>
    </ClCompile>
    <ClCompile Include="ShowScenarioRunTimeUpdateInterface.cpp">
      <Filter>Source Files</Filter>
    </ClCompile>
    <ClCompile Include="ShowScriptTrainNameUpdateInterface.cpp">
      <Filter>Source Files</Filter>
    </ClCompile>
    <ClCompile Include="ShowSpO2UpdateInterface.cpp">
      <Filter>Source Files</Filter>
    </ClCompile>
    <ClCompile Include="ShowTempUpdateInterface.cpp">
      <Filter>Source Files</Filter>
    </ClCompile>
    <ClCompile Include="SimulateBaseGlobal.cpp">
      <Filter>Source Files</Filter>
    </ClCompile>
    <ClCompile Include="SimulatorOrderIrp.cpp">
      <Filter>Source Files</Filter>
    </ClCompile>
    <ClCompile Include="SymptomsShowInterfacesAggregate.cpp">
      <Filter>Source Files</Filter>
    </ClCompile>
    <ClCompile Include="SyncPnpFacilities.cpp">
      <Filter>Source Files</Filter>
    </ClCompile>
    <ClCompile Include="VirCardiogramParam.cpp">
      <Filter>Source Files</Filter>
    </ClCompile>
    <ClCompile Include="VirEventIrp.cpp">
      <Filter>Source Files</Filter>
    </ClCompile>
    <ClCompile Include="WatchBarsShowInterfacesAggregate.cpp">
      <Filter>Source Files</Filter>
    </ClCompile>
  </ItemGroup>
  <ItemGroup>
    <ClInclude Include="CPRRealTimeUpdateInterface.h">
      <Filter>Header Files</Filter>
    </ClInclude>
    <ClInclude Include="CPRShowInterfacesAggregate.h">
      <Filter>Header Files</Filter>
    </ClInclude>
    <ClInclude Include="CPRStatIrp.h">
      <Filter>Header Files</Filter>
    </ClInclude>
    <ClInclude Include="EventIrp_ClockTime.h">
      <Filter>Header Files</Filter>
    </ClInclude>
    <ClInclude Include="EventIrp_SimulateTrigger.h">
      <Filter>Header Files</Filter>
    </ClInclude>
    <ClInclude Include="FrameFlowIrp.h">
      <Filter>Header Files</Filter>
    </ClInclude>
    <ClInclude Include="ICO2SimulateSign.h">
      <Filter>Header Files</Filter>
    </ClInclude>
    <ClInclude Include="ICardiogramLeads.h">
      <Filter>Header Files</Filter>
    </ClInclude>
    <ClInclude Include="IDistributeSimulateData.h">
      <Filter>Header Files</Filter>
    </ClInclude>
    <ClInclude Include="IGetPhysioloySimulateData.h">
      <Filter>Header Files</Filter>
    </ClInclude>
    <ClInclude Include="IHeartStartSign.h">
      <Filter>Header Files</Filter>
    </ClInclude>
    <ClInclude Include="IPaneMoveControlInterface.h">
      <Filter>Header Files</Filter>
    </ClInclude>
    <ClInclude Include="IPhysiologyStartSign.h">
      <Filter>Header Files</Filter>
    </ClInclude>
    <ClInclude Include="IPnPFacility.h">
      <Filter>Header Files</Filter>
    </ClInclude>
    <ClInclude Include="ITransportOrderIrpToSimulator.h">
      <Filter>Header Files</Filter>
    </ClInclude>
    <ClInclude Include="ITypePhysiologyDefaultRange.h">
      <Filter>Header Files</Filter>
    </ClInclude>
    <ClInclude Include="IUpdateLogDataInterface.h">
      <Filter>Header Files</Filter>
    </ClInclude>
    <ClInclude Include="OpABPBuildInterface.h">
      <Filter>Header Files</Filter>
    </ClInclude>
    <ClInclude Include="OpECGBuildInterface.h">
      <Filter>Header Files</Filter>
    </ClInclude>
    <ClInclude Include="OpEtCO2BuildInterface.h">
      <Filter>Header Files</Filter>
    </ClInclude>
    <ClInclude Include="OpLogInterface.h">
      <Filter>Header Files</Filter>
    </ClInclude>
    <ClInclude Include="OpPhysBuildInterfacesAggregate.h">
      <Filter>Header Files</Filter>
    </ClInclude>
    <ClInclude Include="OpRespBuildInterface.h">
      <Filter>Header Files</Filter>
    </ClInclude>
    <ClInclude Include="OpSpO2BuildInterface.h">
      <Filter>Header Files</Filter>
    </ClInclude>
    <ClInclude Include="ShowABPUpdateInterface.h">
      <Filter>Header Files</Filter>
    </ClInclude>
    <ClInclude Include="ShowCPRActUpdateInterface.h">
      <Filter>Header Files</Filter>
    </ClInclude>
    <ClInclude Include="ShowCPRStatisticUpdateInterface.h">
      <Filter>Header Files</Filter>
    </ClInclude>
    <ClInclude Include="ShowECGUpdateInterface.h">
      <Filter>Header Files</Filter>
    </ClInclude>
    <ClInclude Include="ShowEtCO2UpdateInterface.h">
      <Filter>Header Files</Filter>
    </ClInclude>
    <ClInclude Include="ShowEventSignUpdateInterface.h">
      <Filter>Header Files</Filter>
    </ClInclude>
    <ClInclude Include="ShowFrameNameUpdateInterface.h">
      <Filter>Header Files</Filter>
    </ClInclude>
    <ClInclude Include="ShowFrameTimeUpdateInterface.h">
      <Filter>Header Files</Filter>
    </ClInclude>
    <ClInclude Include="ShowGeneralNoRangeUpdateInterface.h">
      <Filter>Header Files</Filter>
    </ClInclude>
    <ClInclude Include="ShowGeneralUpdateInterface.h">
      <Filter>Header Files</Filter>
    </ClInclude>
    <ClInclude Include="ShowNIBPUpdateInterface.h">
      <Filter>Header Files</Filter>
    </ClInclude>
    <ClInclude Include="ShowPaceUpdateInterface.h">
      <Filter>Header Files</Filter>
    </ClInclude>
    <ClInclude Include="ShowPatientTimeUpdateInterface.h">
      <Filter>Header Files</Filter>
    </ClInclude>
    <ClInclude Include="ShowRespRateUpdateInterface.h">
      <Filter>Header Files</Filter>
    </ClInclude>
    <ClInclude Include="ShowScenarioRunTimeUpdateInterface.h">
      <Filter>Header Files</Filter>
    </ClInclude>
    <ClInclude Include="ShowScriptTrainNameUpdateInterface.h">
      <Filter>Header Files</Filter>
    </ClInclude>
    <ClInclude Include="ShowSpO2UpdateInterface.h">
      <Filter>Header Files</Filter>
    </ClInclude>
    <ClInclude Include="ShowTempUpdateInterface.h">
      <Filter>Header Files</Filter>
    </ClInclude>
    <ClInclude Include="SimulateBaseGlobal.h">
      <Filter>Header Files</Filter>
    </ClInclude>
    <ClInclude Include="SimulatorOrderIrp.h">
      <Filter>Header Files</Filter>
    </ClInclude>
    <ClInclude Include="SymptomsShowInterfacesAggregate.h">
      <Filter>Header Files</Filter>
    </ClInclude>
    <ClInclude Include="SyncPnpFacilities.h">
      <Filter>Header Files</Filter>
    </ClInclude>
    <ClInclude Include="VirCardiogramParam.h">
      <Filter>Header Files</Filter>
    </ClInclude>
    <ClInclude Include="VirEventIrp.h">
      <Filter>Header Files</Filter>
    </ClInclude>
    <ClInclude Include="WatchBarsShowInterfacesAggregate.h">
      <Filter>Header Files</Filter>
    </ClInclude>
    <ClInclude Include="simulatorbase_global.h">
      <Filter>Header Files</Filter>
    </ClInclude>
  </ItemGroup>
</Project>